{
  "name": "scrape",
  "version": "1.0.0",
  "lockfileVersion": 1,
  "requires": true,
  "dependencies": {
    "back": {
      "version": "0.1.5",
      "resolved": "https://registry.npmjs.org/back/-/back-0.1.5.tgz",
      "integrity": "sha1-NCuWuARlewPsmjHySKEfIAYI3MI="
    },
    "changes-stream": {
      "version": "2.2.0",
      "resolved": "https://registry.npmjs.org/changes-stream/-/changes-stream-2.2.0.tgz",
      "integrity": "sha1-nPK9vCFzwpxjSuyZSOXSOyTTfBg=",
      "requires": {
        "back": "~0.1.5",
        "debug": "~0.8.0",
        "http-https": "~1.0.0",
        "readable-stream": "1.0.x"
      }
    },
    "core-util-is": {
      "version": "1.0.2",
      "resolved": "https://registry.npmjs.org/core-util-is/-/core-util-is-1.0.2.tgz",
      "integrity": "sha1-tf1UIgqivFq1eqtxQMlAdUUDwac="
    },
    "debug": {
      "version": "0.8.1",
      "resolved": "https://registry.npmjs.org/debug/-/debug-0.8.1.tgz",
      "integrity": "sha1-IP9NJvXkIstoobrLu2EDmtjBwTA="
    },
    "github-url-to-object": {
      "version": "2.2.6",
      "resolved": "https://registry.npmjs.org/github-url-to-object/-/github-url-to-object-2.2.6.tgz",
      "integrity": "sha1-ypJQFlFJdI7uswv8xgAMb+DSQvc=",
      "requires": {
        "is-url": "^1.1.0"
      }
    },
    "http-https": {
      "version": "1.0.0",
      "resolved": "https://registry.npmjs.org/http-https/-/http-https-1.0.0.tgz",
      "integrity": "sha1-L5CN1fHbQGjAWM1ubUzjkskTOJs="
    },
    "inherits": {
      "version": "2.0.3",
      "resolved": "https://registry.npmjs.org/inherits/-/inherits-2.0.3.tgz",
      "integrity": "sha1-Yzwsg+PaQqUC9SRmAiSA9CCCYd4="
    },
    "is-url": {
      "version": "1.2.4",
      "resolved": "https://registry.npmjs.org/is-url/-/is-url-1.2.4.tgz",
      "integrity": "sha512-ITvGim8FhRiYe4IQ5uHSkj7pVaPDrCTkNd3yq3cV7iZAcJdHTUMPMEHcqSOy9xZ9qFenQCvi+2wjH9a1nXqHww=="
    },
    "isarray": {
      "version": "0.0.1",
      "resolved": "https://registry.npmjs.org/isarray/-/isarray-0.0.1.tgz",
      "integrity": "sha1-ihis/Kmo9Bd+Cav8YDiTmwXR7t8="
    },
    "lodash": {
      "version": "4.17.10",
      "resolved": "https://registry.npmjs.org/lodash/-/lodash-4.17.10.tgz",
      "integrity": "sha512-UejweD1pDoXu+AD825lWwp4ZGtSwgnpZxb3JDViD7StjQz+Nb/6l093lx4OQ0foGWNRoc19mWy7BzL+UAK2iVg=="
    },
    "nice-package": {
      "version": "3.0.3",
      "resolved": "https://registry.npmjs.org/nice-package/-/nice-package-3.0.3.tgz",
      "integrity": "sha1-TVU5/xCdHjqB2qdS7qRSgSNkpZw=",
      "requires": {
        "github-url-to-object": "^2.2.1",
        "lodash": "^4.17.2",
        "normalize-registry-metadata": "^1.1.2",
        "revalidator": "^0.3.1",
        "semver": "^5.2.0"
      }
    },
    "normalize-registry-metadata": {
      "version": "1.1.2",
      "resolved": "https://registry.npmjs.org/normalize-registry-metadata/-/normalize-registry-metadata-1.1.2.tgz",
      "integrity": "sha1-pKR1FiPS9pXE97O5psLmo5s/+U4=",
      "requires": {
        "semver": "^5.1.0"
      }
    },
    "readable-stream": {
      "version": "1.0.34",
      "resolved": "https://registry.npmjs.org/readable-stream/-/readable-stream-1.0.34.tgz",
      "integrity": "sha1-Elgg40vIQtLyqq+v5MKRbuMsFXw=",
      "requires": {
        "core-util-is": "~1.0.0",
        "inherits": "~2.0.1",
        "isarray": "0.0.1",
        "string_decoder": "~0.10.x"
      }
    },
    "revalidator": {
      "version": "0.3.1",
      "resolved": "https://registry.npmjs.org/revalidator/-/revalidator-0.3.1.tgz",
      "integrity": "sha1-/yzEz3zHxjhaxxAXgnbm280Ddi8="
    },
    "semver": {
      "version": "5.5.0",
      "resolved": "https://registry.npmjs.org/semver/-/semver-5.5.0.tgz",
      "integrity": "sha512-4SJ3dm0WAwWy/NVeioZh5AntkdJoWKxHxcmyP622fOkgHa4z3R0TdBJICINyaSDE6uNwVc8gZr+ZinwZAH4xIA=="
    },
    "string_decoder": {
      "version": "0.10.31",
      "resolved": "https://registry.npmjs.org/string_decoder/-/string_decoder-0.10.31.tgz",
      "integrity": "sha1-YuIDvEF2bGwoyfyEMB2rHFMQ+pQ="
    }
  }
}
